
Microsoft Visual Studio Solution File, Format Version 12.00
# Visual Studio Version 17
VisualStudioVersion = 17.0.32112.339
MinimumVisualStudioVersion = 10.0.40219.1
Project("{2150E333-8FDC-42A3-9474-1A3956D46DE8}") = "src", "src", "{22A2C155-2A21-4A19-A163-E3FDE3D4FCEF}"
EndProject
Project("{2150E333-8FDC-42A3-9474-1A3956D46DE8}") = "tests", "tests", "{7AE5A39D-3130-4A79-A287-3F6111BA39A8}"
EndProject
Project("{9A19103F-16F7-4668-BE54-9A1E7A4F7556}") = "QLess.Core", "src\QLess.Core\QLess.Core.csproj", "{C46D0978-81D1-4F04-96E5-D8F5431D1D1A}"
EndProject
Project("{9A19103F-16F7-4668-BE54-9A1E7A4F7556}") = "QLess.Web", "src\QLess.Web\QLess.Web.csproj", "{1DBC145D-5A4B-4FCB-83F4-F3D14953F492}"
EndProject
Project("{9A19103F-16F7-4668-BE54-9A1E7A4F7556}") = "QLess.Api", "src\QLess.Api\QLess.Api.csproj", "{B5DD2D37-D5AE-4713-8322-AEB99B54E5FA}"
EndProject
Project("{2150E333-8FDC-42A3-9474-1A3956D46DE8}") = "database-scripts", "database-scripts", "{4FE1A4DF-EE0F-485B-996E-AA6070861F91}"
	ProjectSection(SolutionItems) = preProject
		01 Create Initial Database Objects.sql = 01 Create Initial Database Objects.sql
	EndProjectSection
EndProject
Project("{FAE04EC0-301F-11D3-BF4B-00C04F79EFBC}") = "QLess.UnitTests", "tests\QLess.UnitTests\QLess.UnitTests.csproj", "{A6068766-4AEC-4267-8AB2-F892C45E71BB}"
EndProject
Global
	GlobalSection(SolutionConfigurationPlatforms) = preSolution
		Debug|Any CPU = Debug|Any CPU
		Release|Any CPU = Release|Any CPU
	EndGlobalSection
	GlobalSection(ProjectConfigurationPlatforms) = postSolution
		{C46D0978-81D1-4F04-96E5-D8F5431D1D1A}.Debug|Any CPU.ActiveCfg = Debug|Any CPU
		{C46D0978-81D1-4F04-96E5-D8F5431D1D1A}.Debug|Any CPU.Build.0 = Debug|Any CPU
		{C46D0978-81D1-4F04-96E5-D8F5431D1D1A}.Release|Any CPU.ActiveCfg = Release|Any CPU
		{C46D0978-81D1-4F04-96E5-D8F5431D1D1A}.Release|Any CPU.Build.0 = Release|Any CPU
		{1DBC145D-5A4B-4FCB-83F4-F3D14953F492}.Debug|Any CPU.ActiveCfg = Debug|Any CPU
		{1DBC145D-5A4B-4FCB-83F4-F3D14953F492}.Debug|Any CPU.Build.0 = Debug|Any CPU
		{1DBC145D-5A4B-4FCB-83F4-F3D14953F492}.Release|Any CPU.ActiveCfg = Release|Any CPU
		{1DBC145D-5A4B-4FCB-83F4-F3D14953F492}.Release|Any CPU.Build.0 = Release|Any CPU
		{B5DD2D37-D5AE-4713-8322-AEB99B54E5FA}.Debug|Any CPU.ActiveCfg = Debug|Any CPU
		{B5DD2D37-D5AE-4713-8322-AEB99B54E5FA}.Debug|Any CPU.Build.0 = Debug|Any CPU
		{B5DD2D37-D5AE-4713-8322-AEB99B54E5FA}.Release|Any CPU.ActiveCfg = Release|Any CPU
		{B5DD2D37-D5AE-4713-8322-AEB99B54E5FA}.Release|Any CPU.Build.0 = Release|Any CPU
		{A6068766-4AEC-4267-8AB2-F892C45E71BB}.Debug|Any CPU.ActiveCfg = Debug|Any CPU
		{A6068766-4AEC-4267-8AB2-F892C45E71BB}.Debug|Any CPU.Build.0 = Debug|Any CPU
		{A6068766-4AEC-4267-8AB2-F892C45E71BB}.Release|Any CPU.ActiveCfg = Release|Any CPU
		{A6068766-4AEC-4267-8AB2-F892C45E71BB}.Release|Any CPU.Build.0 = Release|Any CPU
	EndGlobalSection
	GlobalSection(SolutionProperties) = preSolution
		HideSolutionNode = FALSE
	EndGlobalSection
	GlobalSection(NestedProjects) = preSolution
		{C46D0978-81D1-4F04-96E5-D8F5431D1D1A} = {22A2C155-2A21-4A19-A163-E3FDE3D4FCEF}
		{1DBC145D-5A4B-4FCB-83F4-F3D14953F492} = {22A2C155-2A21-4A19-A163-E3FDE3D4FCEF}
		{B5DD2D37-D5AE-4713-8322-AEB99B54E5FA} = {22A2C155-2A21-4A19-A163-E3FDE3D4FCEF}
		{A6068766-4AEC-4267-8AB2-F892C45E71BB} = {7AE5A39D-3130-4A79-A287-3F6111BA39A8}
	EndGlobalSection
	GlobalSection(ExtensibilityGlobals) = postSolution
		SolutionGuid = {DB6224C8-7B6B-45D3-AA68-4A2F2BD1EAF9}
	EndGlobalSection
EndGlobal
